<Solution>
  <Folder Name="/src/" />
  <Folder Name="/src/Application/">
    <Project Path="src/Application/PokeTokenBar.Application.csproj" />
  </Folder>
  <Folder Name="/src/Core/">
    <Project Path="src/Core/PokeTokenBar.Core.csproj" />
  </Folder>
  <Folder Name="/src/Platform.Windows/">
    <Project Path="src/Platform.Windows/PokeTokenBar.Platform.Windows.csproj" />
  </Folder>
  <Folder Name="/src/Providers/">
    <Project Path="src/Providers/PokeTokenBar.Providers.csproj" />
  </Folder>
  <Folder Name="/src/Ui/">
    <Project Path="src/Ui/PokeTokenBar.Ui.csproj" />
  </Folder>
  <Folder Name="/Tests/" />
  <Folder Name="/Tests/Application.Tests/">
    <Project Path="Tests/Application.Tests/PokeTokenBar.Application.Tests.csproj" />
  </Folder>
  <Folder Name="/Tests/Core.Tests/">
    <Project Path="Tests/Core.Tests/PokeTokenBar.Core.Tests.csproj" />
  </Folder>
  <Folder Name="/Tests/Platform.Windows.Tests/">
    <Project Path="Tests/Platform.Windows.Tests/PokeTokenBar.Platform.Windows.Tests.csproj" />
  </Folder>
  <Folder Name="/Tests/Providers.Tests/">
    <Project Path="Tests/Providers.Tests/PokeTokenBar.Providers.Tests.csproj" />
  </Folder>
  <Folder Name="/Tests/Ui.Tests/">
    <Project Path="Tests/Ui.Tests/PokeTokenBar.Ui.Tests.csproj" />
  </Folder>
</Solution>
